
Microsoft Visual Studio Solution File, Format Version 12.00
# Visual Studio Version 16
VisualStudioVersion = 16.0.808.6
MinimumVisualStudioVersion = 10.0.40219.1
Project("{FAE04EC0-301F-11D3-BF4B-00C04F79EFBC}") = "AreaOfACircle", "AreaOfACircle\AreaOfACircle.csproj", "{D84D7FDD-59FD-4195-A81B-C43C4FE4E9E9}"
EndProject
Global
	GlobalSection(SolutionConfigurationPlatforms) = preSolution
		Debug|Any CPU = Debug|Any CPU
		Release|Any CPU = Release|Any CPU
	EndGlobalSection
	GlobalSection(ProjectConfigurationPlatforms) = postSolution
		{D84D7FDD-59FD-4195-A81B-C43C4FE4E9E9}.Debug|Any CPU.ActiveCfg = Debug|Any CPU
		{D84D7FDD-59FD-4195-A81B-C43C4FE4E9E9}.Debug|Any CPU.Build.0 = Debug|Any CPU
		{D84D7FDD-59FD-4195-A81B-C43C4FE4E9E9}.Release|Any CPU.ActiveCfg = Release|Any CPU
		{D84D7FDD-59FD-4195-A81B-C43C4FE4E9E9}.Release|Any CPU.Build.0 = Release|Any CPU
	EndGlobalSection
	GlobalSection(SolutionProperties) = preSolution
		HideSolutionNode = FALSE
	EndGlobalSection
	GlobalSection(ExtensibilityGlobals) = postSolution
		SolutionGuid = {CCA24876-D493-4EC0-95C8-BC272A19F77B}
	EndGlobalSection
EndGlobal
