
Microsoft Visual Studio Solution File, Format Version 12.00
# Visual Studio Version 16
VisualStudioVersion = 16.0.808.8
MinimumVisualStudioVersion = 10.0.40219.1
Project("{FAE04EC0-301F-11D3-BF4B-00C04F79EFBC}") = "ClassesAndObjects", "ClassesAndObjects\ClassesAndObjects.csproj", "{B08C759B-9812-4AFF-985D-8E8728EFEF3D}"
EndProject
Global
	GlobalSection(SolutionConfigurationPlatforms) = preSolution
		Debug|Any CPU = Debug|Any CPU
		Release|Any CPU = Release|Any CPU
	EndGlobalSection
	GlobalSection(ProjectConfigurationPlatforms) = postSolution
		{B08C759B-9812-4AFF-985D-8E8728EFEF3D}.Debug|Any CPU.ActiveCfg = Debug|Any CPU
		{B08C759B-9812-4AFF-985D-8E8728EFEF3D}.Debug|Any CPU.Build.0 = Debug|Any CPU
		{B08C759B-9812-4AFF-985D-8E8728EFEF3D}.Release|Any CPU.ActiveCfg = Release|Any CPU
		{B08C759B-9812-4AFF-985D-8E8728EFEF3D}.Release|Any CPU.Build.0 = Release|Any CPU
	EndGlobalSection
	GlobalSection(SolutionProperties) = preSolution
		HideSolutionNode = FALSE
	EndGlobalSection
	GlobalSection(ExtensibilityGlobals) = postSolution
		SolutionGuid = {2C8EF36E-FC26-454D-BAC0-B6F101141B9F}
	EndGlobalSection
EndGlobal
