
Microsoft Visual Studio Solution File, Format Version 12.00
# Visual Studio Version 16
VisualStudioVersion = 16.0.808.8
MinimumVisualStudioVersion = 10.0.40219.1
Project("{FAE04EC0-301F-11D3-BF4B-00C04F79EFBC}") = "MoreOnClasses", "MoreOnClasses\MoreOnClasses.csproj", "{BC390A23-C22B-4962-BE43-BD536E1D925D}"
EndProject
Global
	GlobalSection(SolutionConfigurationPlatforms) = preSolution
		Debug|Any CPU = Debug|Any CPU
		Release|Any CPU = Release|Any CPU
	EndGlobalSection
	GlobalSection(ProjectConfigurationPlatforms) = postSolution
		{BC390A23-C22B-4962-BE43-BD536E1D925D}.Debug|Any CPU.ActiveCfg = Debug|Any CPU
		{BC390A23-C22B-4962-BE43-BD536E1D925D}.Debug|Any CPU.Build.0 = Debug|Any CPU
		{BC390A23-C22B-4962-BE43-BD536E1D925D}.Release|Any CPU.ActiveCfg = Release|Any CPU
		{BC390A23-C22B-4962-BE43-BD536E1D925D}.Release|Any CPU.Build.0 = Release|Any CPU
	EndGlobalSection
	GlobalSection(SolutionProperties) = preSolution
		HideSolutionNode = FALSE
	EndGlobalSection
	GlobalSection(ExtensibilityGlobals) = postSolution
		SolutionGuid = {D10762A3-CBC9-4A21-9608-5F0070F1FD8C}
	EndGlobalSection
EndGlobal
