
Microsoft Visual Studio Solution File, Format Version 12.00
# Visual Studio Version 16
VisualStudioVersion = 16.0.808.8
MinimumVisualStudioVersion = 10.0.40219.1
Project("{FAE04EC0-301F-11D3-BF4B-00C04F79EFBC}") = "Generics", "Generics\Generics.csproj", "{77FC5A60-24B6-4136-BCCB-FB7C597BBF10}"
EndProject
Global
	GlobalSection(SolutionConfigurationPlatforms) = preSolution
		Debug|Any CPU = Debug|Any CPU
		Release|Any CPU = Release|Any CPU
	EndGlobalSection
	GlobalSection(ProjectConfigurationPlatforms) = postSolution
		{77FC5A60-24B6-4136-BCCB-FB7C597BBF10}.Debug|Any CPU.ActiveCfg = Debug|Any CPU
		{77FC5A60-24B6-4136-BCCB-FB7C597BBF10}.Debug|Any CPU.Build.0 = Debug|Any CPU
		{77FC5A60-24B6-4136-BCCB-FB7C597BBF10}.Release|Any CPU.ActiveCfg = Release|Any CPU
		{77FC5A60-24B6-4136-BCCB-FB7C597BBF10}.Release|Any CPU.Build.0 = Release|Any CPU
	EndGlobalSection
	GlobalSection(SolutionProperties) = preSolution
		HideSolutionNode = FALSE
	EndGlobalSection
	GlobalSection(ExtensibilityGlobals) = postSolution
		SolutionGuid = {4758FB57-4DE4-409E-B824-08C4B01AD9C6}
	EndGlobalSection
EndGlobal
