
Microsoft Visual Studio Solution File, Format Version 12.00
# Visual Studio Version 16
VisualStudioVersion = 16.0.808.8
MinimumVisualStudioVersion = 10.0.40219.1
Project("{FAE04EC0-301F-11D3-BF4B-00C04F79EFBC}") = "ArraysAndStrings", "ArraysAndStrings\ArraysAndStrings.csproj", "{D9561873-D447-408D-894C-577639A806FF}"
EndProject
Global
	GlobalSection(SolutionConfigurationPlatforms) = preSolution
		Debug|Any CPU = Debug|Any CPU
		Release|Any CPU = Release|Any CPU
	EndGlobalSection
	GlobalSection(ProjectConfigurationPlatforms) = postSolution
		{D9561873-D447-408D-894C-577639A806FF}.Debug|Any CPU.ActiveCfg = Debug|Any CPU
		{D9561873-D447-408D-894C-577639A806FF}.Debug|Any CPU.Build.0 = Debug|Any CPU
		{D9561873-D447-408D-894C-577639A806FF}.Release|Any CPU.ActiveCfg = Release|Any CPU
		{D9561873-D447-408D-894C-577639A806FF}.Release|Any CPU.Build.0 = Release|Any CPU
	EndGlobalSection
	GlobalSection(SolutionProperties) = preSolution
		HideSolutionNode = FALSE
	EndGlobalSection
	GlobalSection(ExtensibilityGlobals) = postSolution
		SolutionGuid = {DEE4F2CA-ECC8-45A6-814F-8D3B8E1EE4A1}
	EndGlobalSection
EndGlobal
