
Microsoft Visual Studio Solution File, Format Version 12.00
# Visual Studio Version 16
VisualStudioVersion = 16.0.808.8
MinimumVisualStudioVersion = 10.0.40219.1
Project("{FAE04EC0-301F-11D3-BF4B-00C04F79EFBC}") = "Words", "Words\Words.csproj", "{D64483BB-6048-467F-9A4C-E210E7423960}"
EndProject
Global
	GlobalSection(SolutionConfigurationPlatforms) = preSolution
		Debug|Any CPU = Debug|Any CPU
		Release|Any CPU = Release|Any CPU
	EndGlobalSection
	GlobalSection(ProjectConfigurationPlatforms) = postSolution
		{D64483BB-6048-467F-9A4C-E210E7423960}.Debug|Any CPU.ActiveCfg = Debug|Any CPU
		{D64483BB-6048-467F-9A4C-E210E7423960}.Debug|Any CPU.Build.0 = Debug|Any CPU
		{D64483BB-6048-467F-9A4C-E210E7423960}.Release|Any CPU.ActiveCfg = Release|Any CPU
		{D64483BB-6048-467F-9A4C-E210E7423960}.Release|Any CPU.Build.0 = Release|Any CPU
	EndGlobalSection
	GlobalSection(SolutionProperties) = preSolution
		HideSolutionNode = FALSE
	EndGlobalSection
	GlobalSection(ExtensibilityGlobals) = postSolution
		SolutionGuid = {2B9E9854-D1D6-4C01-8412-4AC2FA8EFD59}
	EndGlobalSection
EndGlobal
